
Microsoft Visual Studio Solution File, Format Version 12.00
# Visual Studio Version 17
VisualStudioVersion = 17.8.34511.84
MinimumVisualStudioVersion = 10.0.40219.1
Project("{9A19103F-16F7-4668-BE54-9A1E7A4F7556}") = "GeoIpServices", "GeoIpServices\GeoIpServices.csproj", "{EE0CD641-5E01-4783-B71C-3F34610A6125}"
EndProject
Project("{2150E333-8FDC-42A3-9474-1A3956D46DE8}") = "SolutionFiles", "SolutionFiles", "{9E85CAEE-1CA2-46CC-9DAE-175437D9957F}"
	ProjectSection(SolutionItems) = preProject
		.gitignore = .gitignore
		global.json = global.json
		LICENSE = LICENSE
		README.md = README.md
		.github\workflows\release.yml = .github\workflows\release.yml
	EndProjectSection
EndProject
Project("{FAE04EC0-301F-11D3-BF4B-00C04F79EFBC}") = "GeoIpServices.Tests", "GeoIpServices.Tests\GeoIpServices.Tests.csproj", "{AD24F0BF-2D2D-41BD-B571-F86D44A3147E}"
EndProject
Global
	GlobalSection(SolutionConfigurationPlatforms) = preSolution
		Debug|Any CPU = Debug|Any CPU
		Debug|x64 = Debug|x64
		Debug|x86 = Debug|x86
		Release|Any CPU = Release|Any CPU
		Release|x64 = Release|x64
		Release|x86 = Release|x86
	EndGlobalSection
	GlobalSection(ProjectConfigurationPlatforms) = postSolution
		{EE0CD641-5E01-4783-B71C-3F34610A6125}.Debug|Any CPU.ActiveCfg = Debug|Any CPU
		{EE0CD641-5E01-4783-B71C-3F34610A6125}.Debug|Any CPU.Build.0 = Debug|Any CPU
		{EE0CD641-5E01-4783-B71C-3F34610A6125}.Debug|x64.ActiveCfg = Debug|Any CPU
		{EE0CD641-5E01-4783-B71C-3F34610A6125}.Debug|x64.Build.0 = Debug|Any CPU
		{EE0CD641-5E01-4783-B71C-3F34610A6125}.Debug|x86.ActiveCfg = Debug|Any CPU
		{EE0CD641-5E01-4783-B71C-3F34610A6125}.Debug|x86.Build.0 = Debug|Any CPU
		{EE0CD641-5E01-4783-B71C-3F34610A6125}.Release|Any CPU.ActiveCfg = Release|Any CPU
		{EE0CD641-5E01-4783-B71C-3F34610A6125}.Release|Any CPU.Build.0 = Release|Any CPU
		{EE0CD641-5E01-4783-B71C-3F34610A6125}.Release|x64.ActiveCfg = Release|Any CPU
		{EE0CD641-5E01-4783-B71C-3F34610A6125}.Release|x64.Build.0 = Release|Any CPU
		{EE0CD641-5E01-4783-B71C-3F34610A6125}.Release|x86.ActiveCfg = Release|Any CPU
		{EE0CD641-5E01-4783-B71C-3F34610A6125}.Release|x86.Build.0 = Release|Any CPU
		{AD24F0BF-2D2D-41BD-B571-F86D44A3147E}.Debug|Any CPU.ActiveCfg = Debug|Any CPU
		{AD24F0BF-2D2D-41BD-B571-F86D44A3147E}.Debug|Any CPU.Build.0 = Debug|Any CPU
		{AD24F0BF-2D2D-41BD-B571-F86D44A3147E}.Debug|x64.ActiveCfg = Debug|Any CPU
		{AD24F0BF-2D2D-41BD-B571-F86D44A3147E}.Debug|x64.Build.0 = Debug|Any CPU
		{AD24F0BF-2D2D-41BD-B571-F86D44A3147E}.Debug|x86.ActiveCfg = Debug|Any CPU
		{AD24F0BF-2D2D-41BD-B571-F86D44A3147E}.Debug|x86.Build.0 = Debug|Any CPU
		{AD24F0BF-2D2D-41BD-B571-F86D44A3147E}.Release|Any CPU.ActiveCfg = Release|Any CPU
		{AD24F0BF-2D2D-41BD-B571-F86D44A3147E}.Release|Any CPU.Build.0 = Release|Any CPU
		{AD24F0BF-2D2D-41BD-B571-F86D44A3147E}.Release|x64.ActiveCfg = Release|Any CPU
		{AD24F0BF-2D2D-41BD-B571-F86D44A3147E}.Release|x64.Build.0 = Release|Any CPU
		{AD24F0BF-2D2D-41BD-B571-F86D44A3147E}.Release|x86.ActiveCfg = Release|Any CPU
		{AD24F0BF-2D2D-41BD-B571-F86D44A3147E}.Release|x86.Build.0 = Release|Any CPU
	EndGlobalSection
	GlobalSection(SolutionProperties) = preSolution
		HideSolutionNode = FALSE
	EndGlobalSection
	GlobalSection(ExtensibilityGlobals) = postSolution
		SolutionGuid = {E1F47C95-2F2F-4702-83C5-7FF7E5F7A836}
	EndGlobalSection
EndGlobal
