
Microsoft Visual Studio Solution File, Format Version 12.00
# Visual Studio Version 17
VisualStudioVersion = 17.8.34511.84
MinimumVisualStudioVersion = 10.0.40219.1
Project("{FAE04EC0-301F-11D3-BF4B-00C04F79EFBC}") = "GeoIpServices", "GeoIpServices\GeoIpServices.csproj", "{EE0CD641-5E01-4783-B71C-3F34610A6125}"
EndProject
Project("{FAE04EC0-301F-11D3-BF4B-00C04F79EFBC}") = "GeoIpCommon", "GeoIpCommon\GeoIpCommon.csproj", "{A3240602-B185-4E3D-986C-E9687ED3FBF7}"
EndProject
Project("{FAE04EC0-301F-11D3-BF4B-00C04F79EFBC}") = "GeoIpStack", "GeoIpStack\GeoIpStack.csproj", "{5DEB9004-11D3-4D7A-9E4C-DC8395DF5253}"
EndProject
Global
	GlobalSection(SolutionConfigurationPlatforms) = preSolution
		Debug|Any CPU = Debug|Any CPU
		Release|Any CPU = Release|Any CPU
	EndGlobalSection
	GlobalSection(ProjectConfigurationPlatforms) = postSolution
		{EE0CD641-5E01-4783-B71C-3F34610A6125}.Debug|Any CPU.ActiveCfg = Debug|Any CPU
		{EE0CD641-5E01-4783-B71C-3F34610A6125}.Debug|Any CPU.Build.0 = Debug|Any CPU
		{EE0CD641-5E01-4783-B71C-3F34610A6125}.Release|Any CPU.ActiveCfg = Release|Any CPU
		{EE0CD641-5E01-4783-B71C-3F34610A6125}.Release|Any CPU.Build.0 = Release|Any CPU
		{A3240602-B185-4E3D-986C-E9687ED3FBF7}.Debug|Any CPU.ActiveCfg = Debug|Any CPU
		{A3240602-B185-4E3D-986C-E9687ED3FBF7}.Debug|Any CPU.Build.0 = Debug|Any CPU
		{A3240602-B185-4E3D-986C-E9687ED3FBF7}.Release|Any CPU.ActiveCfg = Release|Any CPU
		{A3240602-B185-4E3D-986C-E9687ED3FBF7}.Release|Any CPU.Build.0 = Release|Any CPU
		{5DEB9004-11D3-4D7A-9E4C-DC8395DF5253}.Debug|Any CPU.ActiveCfg = Debug|Any CPU
		{5DEB9004-11D3-4D7A-9E4C-DC8395DF5253}.Debug|Any CPU.Build.0 = Debug|Any CPU
		{5DEB9004-11D3-4D7A-9E4C-DC8395DF5253}.Release|Any CPU.ActiveCfg = Release|Any CPU
		{5DEB9004-11D3-4D7A-9E4C-DC8395DF5253}.Release|Any CPU.Build.0 = Release|Any CPU
	EndGlobalSection
	GlobalSection(SolutionProperties) = preSolution
		HideSolutionNode = FALSE
	EndGlobalSection
	GlobalSection(ExtensibilityGlobals) = postSolution
		SolutionGuid = {E1F47C95-2F2F-4702-83C5-7FF7E5F7A836}
	EndGlobalSection
EndGlobal
